// !$*UTF8*$!
{
	archiveVersion = 1;
	classes = {
	};
	objectVersion = 56;
	objects = {

/* Begin PBXBuildFile section */
		6B3FBAF72A148B01005FE125 /* AppDelegate.swift in Sources */ = {isa = PBXBuildFile; fileRef = 6B3FBAF62A148B01005FE125 /* AppDelegate.swift */; };
		6B3FBAF92A148B01005FE125 /* SceneDelegate.swift in Sources */ = {isa = PBXBuildFile; fileRef = 6B3FBAF82A148B01005FE125 /* SceneDelegate.swift */; };
		6B3FBB002A148B03005FE125 /* Assets.xcassets in Resources */ = {isa = PBXBuildFile; fileRef = 6B3FBAFF2A148B03005FE125 /* Assets.xcassets */; };
		6B3FBB032A148B03005FE125 /* LaunchScreen.storyboard in Resources */ = {isa = PBXBuildFile; fileRef = 6B3FBB012A148B03005FE125 /* LaunchScreen.storyboard */; };
		6B3FBB0E2A148B03005FE125 /* weatherappTests.swift in Sources */ = {isa = PBXBuildFile; fileRef = 6B3FBB0D2A148B03005FE125 /* weatherappTests.swift */; };
		6B3FBB2C2A148B6D005FE125 /* WeatherViewModel.swift in Sources */ = {isa = PBXBuildFile; fileRef = 6B3FBB272A148B6D005FE125 /* WeatherViewModel.swift */; };
		6B3FBB2D2A148B6D005FE125 /* WeatherView.swift in Sources */ = {isa = PBXBuildFile; fileRef = 6B3FBB282A148B6D005FE125 /* WeatherView.swift */; };
		6B3FBB2E2A148B6D005FE125 /* WeatherViewController.swift in Sources */ = {isa = PBXBuildFile; fileRef = 6B3FBB292A148B6D005FE125 /* WeatherViewController.swift */; };
		6B3FBB2F2A148B6D005FE125 /* WeatherFeature.swift in Sources */ = {isa = PBXBuildFile; fileRef = 6B3FBB2A2A148B6D005FE125 /* WeatherFeature.swift */; };
		6B3FBB302A148B6D005FE125 /* UserDefaultProvider.swift in Sources */ = {isa = PBXBuildFile; fileRef = 6B3FBB2B2A148B6D005FE125 /* UserDefaultProvider.swift */; };
		6B3FBB322A148BC1005FE125 /* WeatherFeature+Errors.swift in Sources */ = {isa = PBXBuildFile; fileRef = 6B3FBB312A148BC1005FE125 /* WeatherFeature+Errors.swift */; };
		6B3FBB352A148BE3005FE125 /* NavigationPresentation.swift in Sources */ = {isa = PBXBuildFile; fileRef = 6B3FBB342A148BE3005FE125 /* NavigationPresentation.swift */; };
		6B3FBB382A149AF8005FE125 /* Mocks.swift in Sources */ = {isa = PBXBuildFile; fileRef = 6B3FBB372A149AF8005FE125 /* Mocks.swift */; };
		6B3FBB3C2A149DF7005FE125 /* WeatherWebService.swift in Sources */ = {isa = PBXBuildFile; fileRef = 6B3FBB3B2A149DF7005FE125 /* WeatherWebService.swift */; };
		6B3FBB3E2A149E2D005FE125 /* WeatherRemoteRepository.swift in Sources */ = {isa = PBXBuildFile; fileRef = 6B3FBB3D2A149E2D005FE125 /* WeatherRemoteRepository.swift */; };
		6B3FBB402A14A035005FE125 /* ImageLoader.swift in Sources */ = {isa = PBXBuildFile; fileRef = 6B3FBB3F2A14A035005FE125 /* ImageLoader.swift */; };
		6B3FBB422A14A3BF005FE125 /* WeatherCardView.swift in Sources */ = {isa = PBXBuildFile; fileRef = 6B3FBB412A14A3BF005FE125 /* WeatherCardView.swift */; };
		6B3FBB442A14A4A1005FE125 /* App+Extensions.swift in Sources */ = {isa = PBXBuildFile; fileRef = 6B3FBB432A14A4A1005FE125 /* App+Extensions.swift */; };
		6B3FBB462A14A5B4005FE125 /* APIInfo.plist in Resources */ = {isa = PBXBuildFile; fileRef = 6B3FBB452A14A5B4005FE125 /* APIInfo.plist */; };
		6B3FBB482A14A60E005FE125 /* BundleInfo.swift in Sources */ = {isa = PBXBuildFile; fileRef = 6B3FBB472A14A60E005FE125 /* BundleInfo.swift */; };
/* End PBXBuildFile section */

/* Begin PBXContainerItemProxy section */
		6B3FBB0A2A148B03005FE125 /* PBXContainerItemProxy */ = {
			isa = PBXContainerItemProxy;
			containerPortal = 6B3FBAEB2A148B01005FE125 /* Project object */;
			proxyType = 1;
			remoteGlobalIDString = 6B3FBAF22A148B01005FE125;
			remoteInfo = weatherapp;
		};
/* End PBXContainerItemProxy section */

/* Begin PBXFileReference section */
		6B3FBAF32A148B01005FE125 /* weatherapp.app */ = {isa = PBXFileReference; explicitFileType = wrapper.application; includeInIndex = 0; path = weatherapp.app; sourceTree = BUILT_PRODUCTS_DIR; };
		6B3FBAF62A148B01005FE125 /* AppDelegate.swift */ = {isa = PBXFileReference; lastKnownFileType = sourcecode.swift; path = AppDelegate.swift; sourceTree = "<group>"; };
		6B3FBAF82A148B01005FE125 /* SceneDelegate.swift */ = {isa = PBXFileReference; lastKnownFileType = sourcecode.swift; path = SceneDelegate.swift; sourceTree = "<group>"; };
		6B3FBAFF2A148B03005FE125 /* Assets.xcassets */ = {isa = PBXFileReference; lastKnownFileType = folder.assetcatalog; path = Assets.xcassets; sourceTree = "<group>"; };
		6B3FBB022A148B03005FE125 /* Base */ = {isa = PBXFileReference; lastKnownFileType = file.storyboard; name = Base; path = Base.lproj/LaunchScreen.storyboard; sourceTree = "<group>"; };
		6B3FBB042A148B03005FE125 /* Info.plist */ = {isa = PBXFileReference; lastKnownFileType = text.plist.xml; path = Info.plist; sourceTree = "<group>"; };
		6B3FBB092A148B03005FE125 /* weatherappTests.xctest */ = {isa = PBXFileReference; explicitFileType = wrapper.cfbundle; includeInIndex = 0; path = weatherappTests.xctest; sourceTree = BUILT_PRODUCTS_DIR; };
		6B3FBB0D2A148B03005FE125 /* weatherappTests.swift */ = {isa = PBXFileReference; lastKnownFileType = sourcecode.swift; path = weatherappTests.swift; sourceTree = "<group>"; };
		6B3FBB272A148B6D005FE125 /* WeatherViewModel.swift */ = {isa = PBXFileReference; fileEncoding = 4; lastKnownFileType = sourcecode.swift; path = WeatherViewModel.swift; sourceTree = "<group>"; };
		6B3FBB282A148B6D005FE125 /* WeatherView.swift */ = {isa = PBXFileReference; fileEncoding = 4; lastKnownFileType = sourcecode.swift; path = WeatherView.swift; sourceTree = "<group>"; };
		6B3FBB292A148B6D005FE125 /* WeatherViewController.swift */ = {isa = PBXFileReference; fileEncoding = 4; lastKnownFileType = sourcecode.swift; path = WeatherViewController.swift; sourceTree = "<group>"; };
		6B3FBB2A2A148B6D005FE125 /* WeatherFeature.swift */ = {isa = PBXFileReference; fileEncoding = 4; lastKnownFileType = sourcecode.swift; path = WeatherFeature.swift; sourceTree = "<group>"; };
		6B3FBB2B2A148B6D005FE125 /* UserDefaultProvider.swift */ = {isa = PBXFileReference; fileEncoding = 4; lastKnownFileType = sourcecode.swift; path = UserDefaultProvider.swift; sourceTree = "<group>"; };
		6B3FBB312A148BC1005FE125 /* WeatherFeature+Errors.swift */ = {isa = PBXFileReference; lastKnownFileType = sourcecode.swift; path = "WeatherFeature+Errors.swift"; sourceTree = "<group>"; };
		6B3FBB342A148BE3005FE125 /* NavigationPresentation.swift */ = {isa = PBXFileReference; fileEncoding = 4; lastKnownFileType = sourcecode.swift; path = NavigationPresentation.swift; sourceTree = "<group>"; };
		6B3FBB372A149AF8005FE125 /* Mocks.swift */ = {isa = PBXFileReference; lastKnownFileType = sourcecode.swift; path = Mocks.swift; sourceTree = "<group>"; };
		6B3FBB3B2A149DF7005FE125 /* WeatherWebService.swift */ = {isa = PBXFileReference; lastKnownFileType = sourcecode.swift; path = WeatherWebService.swift; sourceTree = "<group>"; };
		6B3FBB3D2A149E2D005FE125 /* WeatherRemoteRepository.swift */ = {isa = PBXFileReference; lastKnownFileType = sourcecode.swift; path = WeatherRemoteRepository.swift; sourceTree = "<group>"; };
		6B3FBB3F2A14A035005FE125 /* ImageLoader.swift */ = {isa = PBXFileReference; lastKnownFileType = sourcecode.swift; path = ImageLoader.swift; sourceTree = "<group>"; };
		6B3FBB412A14A3BF005FE125 /* WeatherCardView.swift */ = {isa = PBXFileReference; lastKnownFileType = sourcecode.swift; path = WeatherCardView.swift; sourceTree = "<group>"; };
		6B3FBB432A14A4A1005FE125 /* App+Extensions.swift */ = {isa = PBXFileReference; lastKnownFileType = sourcecode.swift; path = "App+Extensions.swift"; sourceTree = "<group>"; };
		6B3FBB452A14A5B4005FE125 /* APIInfo.plist */ = {isa = PBXFileReference; fileEncoding = 4; lastKnownFileType = text.plist.xml; path = APIInfo.plist; sourceTree = "<group>"; };
		6B3FBB472A14A60E005FE125 /* BundleInfo.swift */ = {isa = PBXFileReference; lastKnownFileType = sourcecode.swift; path = BundleInfo.swift; sourceTree = "<group>"; };
/* End PBXFileReference section */

/* Begin PBXFrameworksBuildPhase section */
		6B3FBAF02A148B01005FE125 /* Frameworks */ = {
			isa = PBXFrameworksBuildPhase;
			buildActionMask = 2147483647;
			files = (
			);
			runOnlyForDeploymentPostprocessing = 0;
		};
		6B3FBB062A148B03005FE125 /* Frameworks */ = {
			isa = PBXFrameworksBuildPhase;
			buildActionMask = 2147483647;
			files = (
			);
			runOnlyForDeploymentPostprocessing = 0;
		};
/* End PBXFrameworksBuildPhase section */

/* Begin PBXGroup section */
		6B3FBAEA2A148B01005FE125 = {
			isa = PBXGroup;
			children = (
				6B3FBAF52A148B01005FE125 /* weatherapp */,
				6B3FBB0C2A148B03005FE125 /* weatherappTests */,
				6B3FBAF42A148B01005FE125 /* Products */,
			);
			sourceTree = "<group>";
		};
		6B3FBAF42A148B01005FE125 /* Products */ = {
			isa = PBXGroup;
			children = (
				6B3FBAF32A148B01005FE125 /* weatherapp.app */,
				6B3FBB092A148B03005FE125 /* weatherappTests.xctest */,
			);
			name = Products;
			sourceTree = "<group>";
		};
		6B3FBAF52A148B01005FE125 /* weatherapp */ = {
			isa = PBXGroup;
			children = (
				6B3FBB042A148B03005FE125 /* Info.plist */,
				6B3FBB362A148BF6005FE125 /* Provider */,
				6B3FBB332A148BE3005FE125 /* Utilities */,
				6B3FBB262A148B6D005FE125 /* WeatherFeature */,
				6B3FBB392A149BD0005FE125 /* App */,
				6B3FBB3A2A149BDD005FE125 /* Resources */,
			);
			path = weatherapp;
			sourceTree = "<group>";
		};
		6B3FBB0C2A148B03005FE125 /* weatherappTests */ = {
			isa = PBXGroup;
			children = (
				6B3FBB0D2A148B03005FE125 /* weatherappTests.swift */,
				6B3FBB372A149AF8005FE125 /* Mocks.swift */,
			);
			path = weatherappTests;
			sourceTree = "<group>";
		};
		6B3FBB262A148B6D005FE125 /* WeatherFeature */ = {
			isa = PBXGroup;
			children = (
				6B3FBB452A14A5B4005FE125 /* APIInfo.plist */,
				6B3FBB2A2A148B6D005FE125 /* WeatherFeature.swift */,
				6B3FBB3B2A149DF7005FE125 /* WeatherWebService.swift */,
				6B3FBB3D2A149E2D005FE125 /* WeatherRemoteRepository.swift */,
				6B3FBB272A148B6D005FE125 /* WeatherViewModel.swift */,
				6B3FBB282A148B6D005FE125 /* WeatherView.swift */,
				6B3FBB412A14A3BF005FE125 /* WeatherCardView.swift */,
				6B3FBB292A148B6D005FE125 /* WeatherViewController.swift */,
				6B3FBB312A148BC1005FE125 /* WeatherFeature+Errors.swift */,
			);
			path = WeatherFeature;
			sourceTree = "<group>";
		};
		6B3FBB332A148BE3005FE125 /* Utilities */ = {
			isa = PBXGroup;
			children = (
				6B3FBB342A148BE3005FE125 /* NavigationPresentation.swift */,
				6B3FBB3F2A14A035005FE125 /* ImageLoader.swift */,
				6B3FBB472A14A60E005FE125 /* BundleInfo.swift */,
			);
			path = Utilities;
			sourceTree = "<group>";
		};
		6B3FBB362A148BF6005FE125 /* Provider */ = {
			isa = PBXGroup;
			children = (
				6B3FBB2B2A148B6D005FE125 /* UserDefaultProvider.swift */,
			);
			path = Provider;
			sourceTree = "<group>";
		};
		6B3FBB392A149BD0005FE125 /* App */ = {
			isa = PBXGroup;
			children = (
				6B3FBAF62A148B01005FE125 /* AppDelegate.swift */,
				6B3FBAF82A148B01005FE125 /* SceneDelegate.swift */,
				6B3FBB432A14A4A1005FE125 /* App+Extensions.swift */,
			);
			path = App;
			sourceTree = "<group>";
		};
		6B3FBB3A2A149BDD005FE125 /* Resources */ = {
			isa = PBXGroup;
			children = (
				6B3FBAFF2A148B03005FE125 /* Assets.xcassets */,
				6B3FBB012A148B03005FE125 /* LaunchScreen.storyboard */,
			);
			path = Resources;
			sourceTree = "<group>";
		};
/* End PBXGroup section */

/* Begin PBXNativeTarget section */
		6B3FBAF22A148B01005FE125 /* weatherapp */ = {
			isa = PBXNativeTarget;
			buildConfigurationList = 6B3FBB1D2A148B03005FE125 /* Build configuration list for PBXNativeTarget "weatherapp" */;
			buildPhases = (
				6B3FBAEF2A148B01005FE125 /* Sources */,
				6B3FBAF02A148B01005FE125 /* Frameworks */,
				6B3FBAF12A148B01005FE125 /* Resources */,
			);
			buildRules = (
			);
			dependencies = (
			);
			name = weatherapp;
			productName = weatherapp;
			productReference = 6B3FBAF32A148B01005FE125 /* weatherapp.app */;
			productType = "com.apple.product-type.application";
		};
		6B3FBB082A148B03005FE125 /* weatherappTests */ = {
			isa = PBXNativeTarget;
			buildConfigurationList = 6B3FBB202A148B03005FE125 /* Build configuration list for PBXNativeTarget "weatherappTests" */;
			buildPhases = (
				6B3FBB052A148B03005FE125 /* Sources */,
				6B3FBB062A148B03005FE125 /* Frameworks */,
				6B3FBB072A148B03005FE125 /* Resources */,
			);
			buildRules = (
			);
			dependencies = (
				6B3FBB0B2A148B03005FE125 /* PBXTargetDependency */,
			);
			name = weatherappTests;
			productName = weatherappTests;
			productReference = 6B3FBB092A148B03005FE125 /* weatherappTests.xctest */;
			productType = "com.apple.product-type.bundle.unit-test";
		};
/* End PBXNativeTarget section */

/* Begin PBXProject section */
		6B3FBAEB2A148B01005FE125 /* Project object */ = {
			isa = PBXProject;
			attributes = {
				BuildIndependentTargetsInParallel = 1;
				LastSwiftUpdateCheck = 1430;
				LastUpgradeCheck = 1430;
				TargetAttributes = {
					6B3FBAF22A148B01005FE125 = {
						CreatedOnToolsVersion = 14.3;
					};
					6B3FBB082A148B03005FE125 = {
						CreatedOnToolsVersion = 14.3;
						TestTargetID = 6B3FBAF22A148B01005FE125;
					};
				};
			};
			buildConfigurationList = 6B3FBAEE2A148B01005FE125 /* Build configuration list for PBXProject "weatherapp" */;
			compatibilityVersion = "Xcode 14.0";
			developmentRegion = en;
			hasScannedForEncodings = 0;
			knownRegions = (
				en,
				Base,
			);
			mainGroup = 6B3FBAEA2A148B01005FE125;
			productRefGroup = 6B3FBAF42A148B01005FE125 /* Products */;
			projectDirPath = "";
			projectRoot = "";
			targets = (
				6B3FBAF22A148B01005FE125 /* weatherapp */,
				6B3FBB082A148B03005FE125 /* weatherappTests */,
			);
		};
/* End PBXProject section */

/* Begin PBXResourcesBuildPhase section */
		6B3FBAF12A148B01005FE125 /* Resources */ = {
			isa = PBXResourcesBuildPhase;
			buildActionMask = 2147483647;
			files = (
				6B3FBB032A148B03005FE125 /* LaunchScreen.storyboard in Resources */,
				6B3FBB002A148B03005FE125 /* Assets.xcassets in Resources */,
				6B3FBB462A14A5B4005FE125 /* APIInfo.plist in Resources */,
			);
			runOnlyForDeploymentPostprocessing = 0;
		};
		6B3FBB072A148B03005FE125 /* Resources */ = {
			isa = PBXResourcesBuildPhase;
			buildActionMask = 2147483647;
			files = (
			);
			runOnlyForDeploymentPostprocessing = 0;
		};
/* End PBXResourcesBuildPhase section */

/* Begin PBXSourcesBuildPhase section */
		6B3FBAEF2A148B01005FE125 /* Sources */ = {
			isa = PBXSourcesBuildPhase;
			buildActionMask = 2147483647;
			files = (
				6B3FBB2F2A148B6D005FE125 /* WeatherFeature.swift in Sources */,
				6B3FBB352A148BE3005FE125 /* NavigationPresentation.swift in Sources */,
				6B3FBB402A14A035005FE125 /* ImageLoader.swift in Sources */,
				6B3FBB3E2A149E2D005FE125 /* WeatherRemoteRepository.swift in Sources */,
				6B3FBB442A14A4A1005FE125 /* App+Extensions.swift in Sources */,
				6B3FBB2D2A148B6D005FE125 /* WeatherView.swift in Sources */,
				6B3FBB482A14A60E005FE125 /* BundleInfo.swift in Sources */,
				6B3FBB3C2A149DF7005FE125 /* WeatherWebService.swift in Sources */,
				6B3FBB322A148BC1005FE125 /* WeatherFeature+Errors.swift in Sources */,
				6B3FBB2E2A148B6D005FE125 /* WeatherViewController.swift in Sources */,
				6B3FBB422A14A3BF005FE125 /* WeatherCardView.swift in Sources */,
				6B3FBB302A148B6D005FE125 /* UserDefaultProvider.swift in Sources */,
				6B3FBB2C2A148B6D005FE125 /* WeatherViewModel.swift in Sources */,
				6B3FBAF72A148B01005FE125 /* AppDelegate.swift in Sources */,
				6B3FBAF92A148B01005FE125 /* SceneDelegate.swift in Sources */,
			);
			runOnlyForDeploymentPostprocessing = 0;
		};
		6B3FBB052A148B03005FE125 /* Sources */ = {
			isa = PBXSourcesBuildPhase;
			buildActionMask = 2147483647;
			files = (
				6B3FBB0E2A148B03005FE125 /* weatherappTests.swift in Sources */,
				6B3FBB382A149AF8005FE125 /* Mocks.swift in Sources */,
			);
			runOnlyForDeploymentPostprocessing = 0;
		};
/* End PBXSourcesBuildPhase section */

/* Begin PBXTargetDependency section */
		6B3FBB0B2A148B03005FE125 /* PBXTargetDependency */ = {
			isa = PBXTargetDependency;
			target = 6B3FBAF22A148B01005FE125 /* weatherapp */;
			targetProxy = 6B3FBB0A2A148B03005FE125 /* PBXContainerItemProxy */;
		};
/* End PBXTargetDependency section */

/* Begin PBXVariantGroup section */
		6B3FBB012A148B03005FE125 /* LaunchScreen.storyboard */ = {
			isa = PBXVariantGroup;
			children = (
				6B3FBB022A148B03005FE125 /* Base */,
			);
			name = LaunchScreen.storyboard;
			sourceTree = "<group>";
		};
/* End PBXVariantGroup section */

/* Begin XCBuildConfiguration section */
		6B3FBB1B2A148B03005FE125 /* Debug */ = {
			isa = XCBuildConfiguration;
			buildSettings = {
				ALWAYS_SEARCH_USER_PATHS = NO;
				CLANG_ANALYZER_NONNULL = YES;
				CLANG_ANALYZER_NUMBER_OBJECT_CONVERSION = YES_AGGRESSIVE;
				CLANG_CXX_LANGUAGE_STANDARD = "gnu++20";
				CLANG_ENABLE_MODULES = YES;
				CLANG_ENABLE_OBJC_ARC = YES;
				CLANG_ENABLE_OBJC_WEAK = YES;
				CLANG_WARN_BLOCK_CAPTURE_AUTORELEASING = YES;
				CLANG_WARN_BOOL_CONVERSION = YES;
				CLANG_WARN_COMMA = YES;
				CLANG_WARN_CONSTANT_CONVERSION = YES;
				CLANG_WARN_DEPRECATED_OBJC_IMPLEMENTATIONS = YES;
				CLANG_WARN_DIRECT_OBJC_ISA_USAGE = YES_ERROR;
				CLANG_WARN_DOCUMENTATION_COMMENTS = YES;
				CLANG_WARN_EMPTY_BODY = YES;
				CLANG_WARN_ENUM_CONVERSION = YES;
				CLANG_WARN_INFINITE_RECURSION = YES;
				CLANG_WARN_INT_CONVERSION = YES;
				CLANG_WARN_NON_LITERAL_NULL_CONVERSION = YES;
				CLANG_WARN_OBJC_IMPLICIT_RETAIN_SELF = YES;
				CLANG_WARN_OBJC_LITERAL_CONVERSION = YES;
				CLANG_WARN_OBJC_ROOT_CLASS = YES_ERROR;
				CLANG_WARN_QUOTED_INCLUDE_IN_FRAMEWORK_HEADER = YES;
				CLANG_WARN_RANGE_LOOP_ANALYSIS = YES;
				CLANG_WARN_STRICT_PROTOTYPES = YES;
				CLANG_WARN_SUSPICIOUS_MOVE = YES;
				CLANG_WARN_UNGUARDED_AVAILABILITY = YES_AGGRESSIVE;
				CLANG_WARN_UNREACHABLE_CODE = YES;
				CLANG_WARN__DUPLICATE_METHOD_MATCH = YES;
				COPY_PHASE_STRIP = NO;
				DEBUG_INFORMATION_FORMAT = dwarf;
				ENABLE_STRICT_OBJC_MSGSEND = YES;
				ENABLE_TESTABILITY = YES;
				GCC_C_LANGUAGE_STANDARD = gnu11;
				GCC_DYNAMIC_NO_PIC = NO;
				GCC_NO_COMMON_BLOCKS = YES;
				GCC_OPTIMIZATION_LEVEL = 0;
				GCC_PREPROCESSOR_DEFINITIONS = (
					"DEBUG=1",
					"$(inherited)",
				);
				GCC_WARN_64_TO_32_BIT_CONVERSION = YES;
				GCC_WARN_ABOUT_RETURN_TYPE = YES_ERROR;
				GCC_WARN_UNDECLARED_SELECTOR = YES;
				GCC_WARN_UNINITIALIZED_AUTOS = YES_AGGRESSIVE;
				GCC_WARN_UNUSED_FUNCTION = YES;
				GCC_WARN_UNUSED_VARIABLE = YES;
				IPHONEOS_DEPLOYMENT_TARGET = 16.4;
				MTL_ENABLE_DEBUG_INFO = INCLUDE_SOURCE;
				MTL_FAST_MATH = YES;
				ONLY_ACTIVE_ARCH = YES;
				SDKROOT = iphoneos;
				SWIFT_ACTIVE_COMPILATION_CONDITIONS = DEBUG;
				SWIFT_OPTIMIZATION_LEVEL = "-Onone";
			};
			name = Debug;
		};
		6B3FBB1C2A148B03005FE125 /* Release */ = {
			isa = XCBuildConfiguration;
			buildSettings = {
				ALWAYS_SEARCH_USER_PATHS = NO;
				CLANG_ANALYZER_NONNULL = YES;
				CLANG_ANALYZER_NUMBER_OBJECT_CONVERSION = YES_AGGRESSIVE;
				CLANG_CXX_LANGUAGE_STANDARD = "gnu++20";
				CLANG_ENABLE_MODULES = YES;
				CLANG_ENABLE_OBJC_ARC = YES;
				CLANG_ENABLE_OBJC_WEAK = YES;
				CLANG_WARN_BLOCK_CAPTURE_AUTORELEASING = YES;
				CLANG_WARN_BOOL_CONVERSION = YES;
				CLANG_WARN_COMMA = YES;
				CLANG_WARN_CONSTANT_CONVERSION = YES;
				CLANG_WARN_DEPRECATED_OBJC_IMPLEMENTATIONS = YES;
				CLANG_WARN_DIRECT_OBJC_ISA_USAGE = YES_ERROR;
				CLANG_WARN_DOCUMENTATION_COMMENTS = YES;
				CLANG_WARN_EMPTY_BODY = YES;
				CLANG_WARN_ENUM_CONVERSION = YES;
				CLANG_WARN_INFINITE_RECURSION = YES;
				CLANG_WARN_INT_CONVERSION = YES;
				CLANG_WARN_NON_LITERAL_NULL_CONVERSION = YES;
				CLANG_WARN_OBJC_IMPLICIT_RETAIN_SELF = YES;
				CLANG_WARN_OBJC_LITERAL_CONVERSION = YES;
				CLANG_WARN_OBJC_ROOT_CLASS = YES_ERROR;
				CLANG_WARN_QUOTED_INCLUDE_IN_FRAMEWORK_HEADER = YES;
				CLANG_WARN_RANGE_LOOP_ANALYSIS = YES;
				CLANG_WARN_STRICT_PROTOTYPES = YES;
				CLANG_WARN_SUSPICIOUS_MOVE = YES;
				CLANG_WARN_UNGUARDED_AVAILABILITY = YES_AGGRESSIVE;
				CLANG_WARN_UNREACHABLE_CODE = YES;
				CLANG_WARN__DUPLICATE_METHOD_MATCH = YES;
				COPY_PHASE_STRIP = NO;
				DEBUG_INFORMATION_FORMAT = "dwarf-with-dsym";
				ENABLE_NS_ASSERTIONS = NO;
				ENABLE_STRICT_OBJC_MSGSEND = YES;
				GCC_C_LANGUAGE_STANDARD = gnu11;
				GCC_NO_COMMON_BLOCKS = YES;
				GCC_WARN_64_TO_32_BIT_CONVERSION = YES;
				GCC_WARN_ABOUT_RETURN_TYPE = YES_ERROR;
				GCC_WARN_UNDECLARED_SELECTOR = YES;
				GCC_WARN_UNINITIALIZED_AUTOS = YES_AGGRESSIVE;
				GCC_WARN_UNUSED_FUNCTION = YES;
				GCC_WARN_UNUSED_VARIABLE = YES;
				IPHONEOS_DEPLOYMENT_TARGET = 16.4;
				MTL_ENABLE_DEBUG_INFO = NO;
				MTL_FAST_MATH = YES;
				SDKROOT = iphoneos;
				SWIFT_COMPILATION_MODE = wholemodule;
				SWIFT_OPTIMIZATION_LEVEL = "-O";
				VALIDATE_PRODUCT = YES;
			};
			name = Release;
		};
		6B3FBB1E2A148B03005FE125 /* Debug */ = {
			isa = XCBuildConfiguration;
			buildSettings = {
				ASSETCATALOG_COMPILER_APPICON_NAME = AppIcon;
				ASSETCATALOG_COMPILER_GLOBAL_ACCENT_COLOR_NAME = AccentColor;
				CODE_SIGN_STYLE = Automatic;
				CURRENT_PROJECT_VERSION = 1;
				DEVELOPMENT_TEAM = AE5DZKJHGN;
				GENERATE_INFOPLIST_FILE = YES;
				INFOPLIST_FILE = weatherapp/Info.plist;
				INFOPLIST_KEY_UIApplicationSupportsIndirectInputEvents = YES;
				INFOPLIST_KEY_UILaunchStoryboardName = LaunchScreen;
				INFOPLIST_KEY_UISupportedInterfaceOrientations_iPad = "UIInterfaceOrientationPortrait UIInterfaceOrientationPortraitUpsideDown UIInterfaceOrientationLandscapeLeft UIInterfaceOrientationLandscapeRight";
				INFOPLIST_KEY_UISupportedInterfaceOrientations_iPhone = "UIInterfaceOrientationPortrait UIInterfaceOrientationLandscapeLeft UIInterfaceOrientationLandscapeRight";
				IPHONEOS_DEPLOYMENT_TARGET = 16.0;
				LD_RUNPATH_SEARCH_PATHS = (
					"$(inherited)",
					"@executable_path/Frameworks",
				);
				MARKETING_VERSION = 1.0;
				PRODUCT_BUNDLE_IDENTIFIER = com.magicive.weatherapp;
				PRODUCT_NAME = "$(TARGET_NAME)";
				SUPPORTED_PLATFORMS = "iphoneos iphonesimulator";
				SUPPORTS_MACCATALYST = NO;
				SUPPORTS_MAC_DESIGNED_FOR_IPHONE_IPAD = NO;
				SWIFT_EMIT_LOC_STRINGS = YES;
				SWIFT_VERSION = 5.0;
				TARGETED_DEVICE_FAMILY = "1,2";
			};
			name = Debug;
		};
		6B3FBB1F2A148B03005FE125 /* Release */ = {
			isa = XCBuildConfiguration;
			buildSettings = {
				ASSETCATALOG_COMPILER_APPICON_NAME = AppIcon;
				ASSETCATALOG_COMPILER_GLOBAL_ACCENT_COLOR_NAME = AccentColor;
				CODE_SIGN_STYLE = Automatic;
				CURRENT_PROJECT_VERSION = 1;
				DEVELOPMENT_TEAM = AE5DZKJHGN;
				GENERATE_INFOPLIST_FILE = YES;
				INFOPLIST_FILE = weatherapp/Info.plist;
				INFOPLIST_KEY_UIApplicationSupportsIndirectInputEvents = YES;
				INFOPLIST_KEY_UILaunchStoryboardName = LaunchScreen;
				INFOPLIST_KEY_UISupportedInterfaceOrientations_iPad = "UIInterfaceOrientationPortrait UIInterfaceOrientationPortraitUpsideDown UIInterfaceOrientationLandscapeLeft UIInterfaceOrientationLandscapeRight";
				INFOPLIST_KEY_UISupportedInterfaceOrientations_iPhone = "UIInterfaceOrientationPortrait UIInterfaceOrientationLandscapeLeft UIInterfaceOrientationLandscapeRight";
				IPHONEOS_DEPLOYMENT_TARGET = 16.0;
				LD_RUNPATH_SEARCH_PATHS = (
					"$(inherited)",
					"@executable_path/Frameworks",
				);
				MARKETING_VERSION = 1.0;
				PRODUCT_BUNDLE_IDENTIFIER = com.magicive.weatherapp;
				PRODUCT_NAME = "$(TARGET_NAME)";
				SUPPORTED_PLATFORMS = "iphoneos iphonesimulator";
				SUPPORTS_MACCATALYST = NO;
				SUPPORTS_MAC_DESIGNED_FOR_IPHONE_IPAD = NO;
				SWIFT_EMIT_LOC_STRINGS = YES;
				SWIFT_VERSION = 5.0;
				TARGETED_DEVICE_FAMILY = "1,2";
			};
			name = Release;
		};
		6B3FBB212A148B03005FE125 /* Debug */ = {
			isa = XCBuildConfiguration;
			buildSettings = {
				ALWAYS_EMBED_SWIFT_STANDARD_LIBRARIES = YES;
				BUNDLE_LOADER = "$(TEST_HOST)";
				CODE_SIGN_STYLE = Automatic;
				CURRENT_PROJECT_VERSION = 1;
				DEVELOPMENT_TEAM = AE5DZKJHGN;
				GENERATE_INFOPLIST_FILE = YES;
				IPHONEOS_DEPLOYMENT_TARGET = 16.4;
				MARKETING_VERSION = 1.0;
				PRODUCT_BUNDLE_IDENTIFIER = com.magicive.weatherappTests;
				PRODUCT_NAME = "$(TARGET_NAME)";
				SWIFT_EMIT_LOC_STRINGS = NO;
				SWIFT_VERSION = 5.0;
				TARGETED_DEVICE_FAMILY = "1,2";
				TEST_HOST = "$(BUILT_PRODUCTS_DIR)/weatherapp.app/$(BUNDLE_EXECUTABLE_FOLDER_PATH)/weatherapp";
			};
			name = Debug;
		};
		6B3FBB222A148B03005FE125 /* Release */ = {
			isa = XCBuildConfiguration;
			buildSettings = {
				ALWAYS_EMBED_SWIFT_STANDARD_LIBRARIES = YES;
				BUNDLE_LOADER = "$(TEST_HOST)";
				CODE_SIGN_STYLE = Automatic;
				CURRENT_PROJECT_VERSION = 1;
				DEVELOPMENT_TEAM = AE5DZKJHGN;
				GENERATE_INFOPLIST_FILE = YES;
				IPHONEOS_DEPLOYMENT_TARGET = 16.4;
				MARKETING_VERSION = 1.0;
				PRODUCT_BUNDLE_IDENTIFIER = com.magicive.weatherappTests;
				PRODUCT_NAME = "$(TARGET_NAME)";
				SWIFT_EMIT_LOC_STRINGS = NO;
				SWIFT_VERSION = 5.0;
				TARGETED_DEVICE_FAMILY = "1,2";
				TEST_HOST = "$(BUILT_PRODUCTS_DIR)/weatherapp.app/$(BUNDLE_EXECUTABLE_FOLDER_PATH)/weatherapp";
			};
			name = Release;
		};
/* End XCBuildConfiguration section */

/* Begin XCConfigurationList section */
		6B3FBAEE2A148B01005FE125 /* Build configuration list for PBXProject "weatherapp" */ = {
			isa = XCConfigurationList;
			buildConfigurations = (
				6B3FBB1B2A148B03005FE125 /* Debug */,
				6B3FBB1C2A148B03005FE125 /* Release */,
			);
			defaultConfigurationIsVisible = 0;
			defaultConfigurationName = Release;
		};
		6B3FBB1D2A148B03005FE125 /* Build configuration list for PBXNativeTarget "weatherapp" */ = {
			isa = XCConfigurationList;
			buildConfigurations = (
				6B3FBB1E2A148B03005FE125 /* Debug */,
				6B3FBB1F2A148B03005FE125 /* Release */,
			);
			defaultConfigurationIsVisible = 0;
			defaultConfigurationName = Release;
		};
		6B3FBB202A148B03005FE125 /* Build configuration list for PBXNativeTarget "weatherappTests" */ = {
			isa = XCConfigurationList;
			buildConfigurations = (
				6B3FBB212A148B03005FE125 /* Debug */,
				6B3FBB222A148B03005FE125 /* Release */,
			);
			defaultConfigurationIsVisible = 0;
			defaultConfigurationName = Release;
		};
/* End XCConfigurationList section */
	};
	rootObject = 6B3FBAEB2A148B01005FE125 /* Project object */;
}
